
Microsoft Visual Studio Solution File, Format Version 12.00
# Visual Studio Version 17
VisualStudioVersion = 17.7.34024.191
MinimumVisualStudioVersion = 10.0.40219.1
Project("{FAE04EC0-301F-11D3-BF4B-00C04F79EFBC}") = "TEST01", "TEST01\TEST01.csproj", "{EF99FC21-B8A1-4EDA-B1EF-0137B7D1ED81}"
EndProject
Global
	GlobalSection(SolutionConfigurationPlatforms) = preSolution
		Debug|Any CPU = Debug|Any CPU
		Release|Any CPU = Release|Any CPU
	EndGlobalSection
	GlobalSection(ProjectConfigurationPlatforms) = postSolution
		{EF99FC21-B8A1-4EDA-B1EF-0137B7D1ED81}.Debug|Any CPU.ActiveCfg = Debug|Any CPU
		{EF99FC21-B8A1-4EDA-B1EF-0137B7D1ED81}.Debug|Any CPU.Build.0 = Debug|Any CPU
		{EF99FC21-B8A1-4EDA-B1EF-0137B7D1ED81}.Release|Any CPU.ActiveCfg = Release|Any CPU
		{EF99FC21-B8A1-4EDA-B1EF-0137B7D1ED81}.Release|Any CPU.Build.0 = Release|Any CPU
	EndGlobalSection
	GlobalSection(SolutionProperties) = preSolution
		HideSolutionNode = FALSE
	EndGlobalSection
	GlobalSection(ExtensibilityGlobals) = postSolution
		SolutionGuid = {867C8A95-0DFD-49A9-9333-F0097DF70EEC}
	EndGlobalSection
EndGlobal
